
Microsoft Visual Studio Solution File, Format Version 12.00
# Visual Studio Version 17
VisualStudioVersion = 17.3.32825.248
MinimumVisualStudioVersion = 10.0.40219.1
Project("{FAE04EC0-301F-11D3-BF4B-00C04F79EFBC}") = "Exec3_Delegate", "Exec3_Delegate\Exec3_Delegate.csproj", "{2B4D8A71-15A1-4A1F-8667-84C69F6B04F2}"
EndProject
Global
	GlobalSection(SolutionConfigurationPlatforms) = preSolution
		Debug|Any CPU = Debug|Any CPU
		Release|Any CPU = Release|Any CPU
	EndGlobalSection
	GlobalSection(ProjectConfigurationPlatforms) = postSolution
		{2B4D8A71-15A1-4A1F-8667-84C69F6B04F2}.Debug|Any CPU.ActiveCfg = Debug|Any CPU
		{2B4D8A71-15A1-4A1F-8667-84C69F6B04F2}.Debug|Any CPU.Build.0 = Debug|Any CPU
		{2B4D8A71-15A1-4A1F-8667-84C69F6B04F2}.Release|Any CPU.ActiveCfg = Release|Any CPU
		{2B4D8A71-15A1-4A1F-8667-84C69F6B04F2}.Release|Any CPU.Build.0 = Release|Any CPU
	EndGlobalSection
	GlobalSection(SolutionProperties) = preSolution
		HideSolutionNode = FALSE
	EndGlobalSection
	GlobalSection(ExtensibilityGlobals) = postSolution
		SolutionGuid = {50B14BB9-3AE1-448E-8645-DEF64CD59B06}
	EndGlobalSection
EndGlobal
